// !$*UTF8*$!
{
	archiveVersion = 1;
	classes = {
	};
	objectVersion = 55;
	objects = {

/* Begin PBXBuildFile section */
		12CD208B2866DBFB00893C3E /* AppDelegate.swift in Sources */ = {isa = PBXBuildFile; fileRef = 12CD208A2866DBFB00893C3E /* AppDelegate.swift */; };
		12CD208D2866DBFB00893C3E /* SceneDelegate.swift in Sources */ = {isa = PBXBuildFile; fileRef = 12CD208C2866DBFB00893C3E /* SceneDelegate.swift */; };
		12CD208F2866DBFB00893C3E /* ViewController.swift in Sources */ = {isa = PBXBuildFile; fileRef = 12CD208E2866DBFB00893C3E /* ViewController.swift */; };
		12CD20922866DBFB00893C3E /* Main.storyboard in Resources */ = {isa = PBXBuildFile; fileRef = 12CD20902866DBFB00893C3E /* Main.storyboard */; };
		12CD20952866DBFB00893C3E /* Test_Project_Word_Kucha.xcdatamodeld in Sources */ = {isa = PBXBuildFile; fileRef = 12CD20932866DBFB00893C3E /* Test_Project_Word_Kucha.xcdatamodeld */; };
		12CD20972866DC1300893C3E /* Assets.xcassets in Resources */ = {isa = PBXBuildFile; fileRef = 12CD20962866DC1300893C3E /* Assets.xcassets */; };
		12CD209A2866DC1300893C3E /* LaunchScreen.storyboard in Resources */ = {isa = PBXBuildFile; fileRef = 12CD20982866DC1300893C3E /* LaunchScreen.storyboard */; };
/* End PBXBuildFile section */

/* Begin PBXFileReference section */
		12CD20872866DBFB00893C3E /* Test-Project-Word-Kucha.app */ = {isa = PBXFileReference; explicitFileType = wrapper.application; includeInIndex = 0; path = "Test-Project-Word-Kucha.app"; sourceTree = BUILT_PRODUCTS_DIR; };
		12CD208A2866DBFB00893C3E /* AppDelegate.swift */ = {isa = PBXFileReference; lastKnownFileType = sourcecode.swift; path = AppDelegate.swift; sourceTree = "<group>"; };
		12CD208C2866DBFB00893C3E /* SceneDelegate.swift */ = {isa = PBXFileReference; lastKnownFileType = sourcecode.swift; path = SceneDelegate.swift; sourceTree = "<group>"; };
		12CD208E2866DBFB00893C3E /* ViewController.swift */ = {isa = PBXFileReference; lastKnownFileType = sourcecode.swift; path = ViewController.swift; sourceTree = "<group>"; };
		12CD20912866DBFB00893C3E /* Base */ = {isa = PBXFileReference; lastKnownFileType = file.storyboard; name = Base; path = Base.lproj/Main.storyboard; sourceTree = "<group>"; };
		12CD20942866DBFB00893C3E /* Test_Project_Word_Kucha.xcdatamodel */ = {isa = PBXFileReference; lastKnownFileType = wrapper.xcdatamodel; path = Test_Project_Word_Kucha.xcdatamodel; sourceTree = "<group>"; };
		12CD20962866DC1300893C3E /* Assets.xcassets */ = {isa = PBXFileReference; lastKnownFileType = folder.assetcatalog; path = Assets.xcassets; sourceTree = "<group>"; };
		12CD20992866DC1300893C3E /* Base */ = {isa = PBXFileReference; lastKnownFileType = file.storyboard; name = Base; path = Base.lproj/LaunchScreen.storyboard; sourceTree = "<group>"; };
		12CD209B2866DC1300893C3E /* Info.plist */ = {isa = PBXFileReference; lastKnownFileType = text.plist.xml; path = Info.plist; sourceTree = "<group>"; };
/* End PBXFileReference section */

/* Begin PBXFrameworksBuildPhase section */
		12CD20842866DBFB00893C3E /* Frameworks */ = {
			isa = PBXFrameworksBuildPhase;
			buildActionMask = 2147483647;
			files = (
			);
			runOnlyForDeploymentPostprocessing = 0;
		};
/* End PBXFrameworksBuildPhase section */

/* Begin PBXGroup section */
		12CD207E2866DBFB00893C3E = {
			isa = PBXGroup;
			children = (
				12CD20892866DBFB00893C3E /* Test-Project-Word-Kucha */,
				12CD20882866DBFB00893C3E /* Products */,
			);
			sourceTree = "<group>";
		};
		12CD20882866DBFB00893C3E /* Products */ = {
			isa = PBXGroup;
			children = (
				12CD20872866DBFB00893C3E /* Test-Project-Word-Kucha.app */,
			);
			name = Products;
			sourceTree = "<group>";
		};
		12CD20892866DBFB00893C3E /* Test-Project-Word-Kucha */ = {
			isa = PBXGroup;
			children = (
				12CD208A2866DBFB00893C3E /* AppDelegate.swift */,
				12CD208C2866DBFB00893C3E /* SceneDelegate.swift */,
				12CD208E2866DBFB00893C3E /* ViewController.swift */,
				12CD20902866DBFB00893C3E /* Main.storyboard */,
				12CD20962866DC1300893C3E /* Assets.xcassets */,
				12CD20982866DC1300893C3E /* LaunchScreen.storyboard */,
				12CD209B2866DC1300893C3E /* Info.plist */,
				12CD20932866DBFB00893C3E /* Test_Project_Word_Kucha.xcdatamodeld */,
			);
			path = "Test-Project-Word-Kucha";
			sourceTree = "<group>";
		};
/* End PBXGroup section */

/* Begin PBXNativeTarget section */
		12CD20862866DBFB00893C3E /* Test-Project-Word-Kucha */ = {
			isa = PBXNativeTarget;
			buildConfigurationList = 12CD209E2866DC1300893C3E /* Build configuration list for PBXNativeTarget "Test-Project-Word-Kucha" */;
			buildPhases = (
				12CD20832866DBFB00893C3E /* Sources */,
				12CD20842866DBFB00893C3E /* Frameworks */,
				12CD20852866DBFB00893C3E /* Resources */,
			);
			buildRules = (
			);
			dependencies = (
			);
			name = "Test-Project-Word-Kucha";
			productName = "Test-Project-Word-Kucha";
			productReference = 12CD20872866DBFB00893C3E /* Test-Project-Word-Kucha.app */;
			productType = "com.apple.product-type.application";
		};
/* End PBXNativeTarget section */

/* Begin PBXProject section */
		12CD207F2866DBFB00893C3E /* Project object */ = {
			isa = PBXProject;
			attributes = {
				BuildIndependentTargetsInParallel = 1;
				LastSwiftUpdateCheck = 1340;
				LastUpgradeCheck = 1340;
				TargetAttributes = {
					12CD20862866DBFB00893C3E = {
						CreatedOnToolsVersion = 13.4.1;
					};
				};
			};
			buildConfigurationList = 12CD20822866DBFB00893C3E /* Build configuration list for PBXProject "Test-Project-Word-Kucha" */;
			compatibilityVersion = "Xcode 13.0";
			developmentRegion = en;
			hasScannedForEncodings = 0;
			knownRegions = (
				en,
				Base,
			);
			mainGroup = 12CD207E2866DBFB00893C3E;
			productRefGroup = 12CD20882866DBFB00893C3E /* Products */;
			projectDirPath = "";
			projectRoot = "";
			targets = (
				12CD20862866DBFB00893C3E /* Test-Project-Word-Kucha */,
			);
		};
/* End PBXProject section */

/* Begin PBXResourcesBuildPhase section */
		12CD20852866DBFB00893C3E /* Resources */ = {
			isa = PBXResourcesBuildPhase;
			buildActionMask = 2147483647;
			files = (
				12CD209A2866DC1300893C3E /* LaunchScreen.storyboard in Resources */,
				12CD20972866DC1300893C3E /* Assets.xcassets in Resources */,
				12CD20922866DBFB00893C3E /* Main.storyboard in Resources */,
			);
			runOnlyForDeploymentPostprocessing = 0;
		};
/* End PBXResourcesBuildPhase section */

/* Begin PBXSourcesBuildPhase section */
		12CD20832866DBFB00893C3E /* Sources */ = {
			isa = PBXSourcesBuildPhase;
			buildActionMask = 2147483647;
			files = (
				12CD20952866DBFB00893C3E /* Test_Project_Word_Kucha.xcdatamodeld in Sources */,
				12CD208F2866DBFB00893C3E /* ViewController.swift in Sources */,
				12CD208B2866DBFB00893C3E /* AppDelegate.swift in Sources */,
				12CD208D2866DBFB00893C3E /* SceneDelegate.swift in Sources */,
			);
			runOnlyForDeploymentPostprocessing = 0;
		};
/* End PBXSourcesBuildPhase section */

/* Begin PBXVariantGroup section */
		12CD20902866DBFB00893C3E /* Main.storyboard */ = {
			isa = PBXVariantGroup;
			children = (
				12CD20912866DBFB00893C3E /* Base */,
			);
			name = Main.storyboard;
			sourceTree = "<group>";
		};
		12CD20982866DC1300893C3E /* LaunchScreen.storyboard */ = {
			isa = PBXVariantGroup;
			children = (
				12CD20992866DC1300893C3E /* Base */,
			);
			name = LaunchScreen.storyboard;
			sourceTree = "<group>";
		};
/* End PBXVariantGroup section */

/* Begin XCBuildConfiguration section */
		12CD209C2866DC1300893C3E /* Debug */ = {
			isa = XCBuildConfiguration;
			buildSettings = {
				ALWAYS_SEARCH_USER_PATHS = NO;
				CLANG_ANALYZER_NONNULL = YES;
				CLANG_ANALYZER_NUMBER_OBJECT_CONVERSION = YES_AGGRESSIVE;
				CLANG_CXX_LANGUAGE_STANDARD = "gnu++17";
				CLANG_ENABLE_MODULES = YES;
				CLANG_ENABLE_OBJC_ARC = YES;
				CLANG_ENABLE_OBJC_WEAK = YES;
				CLANG_WARN_BLOCK_CAPTURE_AUTORELEASING = YES;
				CLANG_WARN_BOOL_CONVERSION = YES;
				CLANG_WARN_COMMA = YES;
				CLANG_WARN_CONSTANT_CONVERSION = YES;
				CLANG_WARN_DEPRECATED_OBJC_IMPLEMENTATIONS = YES;
				CLANG_WARN_DIRECT_OBJC_ISA_USAGE = YES_ERROR;
				CLANG_WARN_DOCUMENTATION_COMMENTS = YES;
				CLANG_WARN_EMPTY_BODY = YES;
				CLANG_WARN_ENUM_CONVERSION = YES;
				CLANG_WARN_INFINITE_RECURSION = YES;
				CLANG_WARN_INT_CONVERSION = YES;
				CLANG_WARN_NON_LITERAL_NULL_CONVERSION = YES;
				CLANG_WARN_OBJC_IMPLICIT_RETAIN_SELF = YES;
				CLANG_WARN_OBJC_LITERAL_CONVERSION = YES;
				CLANG_WARN_OBJC_ROOT_CLASS = YES_ERROR;
				CLANG_WARN_QUOTED_INCLUDE_IN_FRAMEWORK_HEADER = YES;
				CLANG_WARN_RANGE_LOOP_ANALYSIS = YES;
				CLANG_WARN_STRICT_PROTOTYPES = YES;
				CLANG_WARN_SUSPICIOUS_MOVE = YES;
				CLANG_WARN_UNGUARDED_AVAILABILITY = YES_AGGRESSIVE;
				CLANG_WARN_UNREACHABLE_CODE = YES;
				CLANG_WARN__DUPLICATE_METHOD_MATCH = YES;
				COPY_PHASE_STRIP = NO;
				DEBUG_INFORMATION_FORMAT = dwarf;
				ENABLE_STRICT_OBJC_MSGSEND = YES;
				ENABLE_TESTABILITY = YES;
				GCC_C_LANGUAGE_STANDARD = gnu11;
				GCC_DYNAMIC_NO_PIC = NO;
				GCC_NO_COMMON_BLOCKS = YES;
				GCC_OPTIMIZATION_LEVEL = 0;
				GCC_PREPROCESSOR_DEFINITIONS = (
					"DEBUG=1",
					"$(inherited)",
				);
				GCC_WARN_64_TO_32_BIT_CONVERSION = YES;
				GCC_WARN_ABOUT_RETURN_TYPE = YES_ERROR;
				GCC_WARN_UNDECLARED_SELECTOR = YES;
				GCC_WARN_UNINITIALIZED_AUTOS = YES_AGGRESSIVE;
				GCC_WARN_UNUSED_FUNCTION = YES;
				GCC_WARN_UNUSED_VARIABLE = YES;
				IPHONEOS_DEPLOYMENT_TARGET = 15.5;
				MTL_ENABLE_DEBUG_INFO = INCLUDE_SOURCE;
				MTL_FAST_MATH = YES;
				ONLY_ACTIVE_ARCH = YES;
				SDKROOT = iphoneos;
				SWIFT_ACTIVE_COMPILATION_CONDITIONS = DEBUG;
				SWIFT_OPTIMIZATION_LEVEL = "-Onone";
			};
			name = Debug;
		};
		12CD209D2866DC1300893C3E /* Release */ = {
			isa = XCBuildConfiguration;
			buildSettings = {
				ALWAYS_SEARCH_USER_PATHS = NO;
				CLANG_ANALYZER_NONNULL = YES;
				CLANG_ANALYZER_NUMBER_OBJECT_CONVERSION = YES_AGGRESSIVE;
				CLANG_CXX_LANGUAGE_STANDARD = "gnu++17";
				CLANG_ENABLE_MODULES = YES;
				CLANG_ENABLE_OBJC_ARC = YES;
				CLANG_ENABLE_OBJC_WEAK = YES;
				CLANG_WARN_BLOCK_CAPTURE_AUTORELEASING = YES;
				CLANG_WARN_BOOL_CONVERSION = YES;
				CLANG_WARN_COMMA = YES;
				CLANG_WARN_CONSTANT_CONVERSION = YES;
				CLANG_WARN_DEPRECATED_OBJC_IMPLEMENTATIONS = YES;
				CLANG_WARN_DIRECT_OBJC_ISA_USAGE = YES_ERROR;
				CLANG_WARN_DOCUMENTATION_COMMENTS = YES;
				CLANG_WARN_EMPTY_BODY = YES;
				CLANG_WARN_ENUM_CONVERSION = YES;
				CLANG_WARN_INFINITE_RECURSION = YES;
				CLANG_WARN_INT_CONVERSION = YES;
				CLANG_WARN_NON_LITERAL_NULL_CONVERSION = YES;
				CLANG_WARN_OBJC_IMPLICIT_RETAIN_SELF = YES;
				CLANG_WARN_OBJC_LITERAL_CONVERSION = YES;
				CLANG_WARN_OBJC_ROOT_CLASS = YES_ERROR;
				CLANG_WARN_QUOTED_INCLUDE_IN_FRAMEWORK_HEADER = YES;
				CLANG_WARN_RANGE_LOOP_ANALYSIS = YES;
				CLANG_WARN_STRICT_PROTOTYPES = YES;
				CLANG_WARN_SUSPICIOUS_MOVE = YES;
				CLANG_WARN_UNGUARDED_AVAILABILITY = YES_AGGRESSIVE;
				CLANG_WARN_UNREACHABLE_CODE = YES;
				CLANG_WARN__DUPLICATE_METHOD_MATCH = YES;
				COPY_PHASE_STRIP = NO;
				DEBUG_INFORMATION_FORMAT = "dwarf-with-dsym";
				ENABLE_NS_ASSERTIONS = NO;
				ENABLE_STRICT_OBJC_MSGSEND = YES;
				GCC_C_LANGUAGE_STANDARD = gnu11;
				GCC_NO_COMMON_BLOCKS = YES;
				GCC_WARN_64_TO_32_BIT_CONVERSION = YES;
				GCC_WARN_ABOUT_RETURN_TYPE = YES_ERROR;
				GCC_WARN_UNDECLARED_SELECTOR = YES;
				GCC_WARN_UNINITIALIZED_AUTOS = YES_AGGRESSIVE;
				GCC_WARN_UNUSED_FUNCTION = YES;
				GCC_WARN_UNUSED_VARIABLE = YES;
				IPHONEOS_DEPLOYMENT_TARGET = 15.5;
				MTL_ENABLE_DEBUG_INFO = NO;
				MTL_FAST_MATH = YES;
				SDKROOT = iphoneos;
				SWIFT_COMPILATION_MODE = wholemodule;
				SWIFT_OPTIMIZATION_LEVEL = "-O";
				VALIDATE_PRODUCT = YES;
			};
			name = Release;
		};
		12CD209F2866DC1300893C3E /* Debug */ = {
			isa = XCBuildConfiguration;
			buildSettings = {
				ASSETCATALOG_COMPILER_APPICON_NAME = AppIcon;
				ASSETCATALOG_COMPILER_GLOBAL_ACCENT_COLOR_NAME = AccentColor;
				CODE_SIGN_STYLE = Automatic;
				CURRENT_PROJECT_VERSION = 1;
				GENERATE_INFOPLIST_FILE = YES;
				INFOPLIST_FILE = "Test-Project-Word-Kucha/Info.plist";
				INFOPLIST_KEY_UIApplicationSupportsIndirectInputEvents = YES;
				INFOPLIST_KEY_UILaunchStoryboardName = LaunchScreen;
				INFOPLIST_KEY_UIMainStoryboardFile = Main;
				INFOPLIST_KEY_UISupportedInterfaceOrientations_iPad = "UIInterfaceOrientationPortrait UIInterfaceOrientationPortraitUpsideDown UIInterfaceOrientationLandscapeLeft UIInterfaceOrientationLandscapeRight";
				INFOPLIST_KEY_UISupportedInterfaceOrientations_iPhone = "UIInterfaceOrientationPortrait UIInterfaceOrientationLandscapeLeft UIInterfaceOrientationLandscapeRight";
				LD_RUNPATH_SEARCH_PATHS = (
					"$(inherited)",
					"@executable_path/Frameworks",
				);
				MARKETING_VERSION = 1.0;
				PRODUCT_BUNDLE_IDENTIFIER = "Pavel-Abramov.Test-Project-Word-Kucha";
				PRODUCT_NAME = "$(TARGET_NAME)";
				SWIFT_EMIT_LOC_STRINGS = YES;
				SWIFT_VERSION = 5.0;
				TARGETED_DEVICE_FAMILY = "1,2";
			};
			name = Debug;
		};
		12CD20A02866DC1300893C3E /* Release */ = {
			isa = XCBuildConfiguration;
			buildSettings = {
				ASSETCATALOG_COMPILER_APPICON_NAME = AppIcon;
				ASSETCATALOG_COMPILER_GLOBAL_ACCENT_COLOR_NAME = AccentColor;
				CODE_SIGN_STYLE = Automatic;
				CURRENT_PROJECT_VERSION = 1;
				GENERATE_INFOPLIST_FILE = YES;
				INFOPLIST_FILE = "Test-Project-Word-Kucha/Info.plist";
				INFOPLIST_KEY_UIApplicationSupportsIndirectInputEvents = YES;
				INFOPLIST_KEY_UILaunchStoryboardName = LaunchScreen;
				INFOPLIST_KEY_UIMainStoryboardFile = Main;
				INFOPLIST_KEY_UISupportedInterfaceOrientations_iPad = "UIInterfaceOrientationPortrait UIInterfaceOrientationPortraitUpsideDown UIInterfaceOrientationLandscapeLeft UIInterfaceOrientationLandscapeRight";
				INFOPLIST_KEY_UISupportedInterfaceOrientations_iPhone = "UIInterfaceOrientationPortrait UIInterfaceOrientationLandscapeLeft UIInterfaceOrientationLandscapeRight";
				LD_RUNPATH_SEARCH_PATHS = (
					"$(inherited)",
					"@executable_path/Frameworks",
				);
				MARKETING_VERSION = 1.0;
				PRODUCT_BUNDLE_IDENTIFIER = "Pavel-Abramov.Test-Project-Word-Kucha";
				PRODUCT_NAME = "$(TARGET_NAME)";
				SWIFT_EMIT_LOC_STRINGS = YES;
				SWIFT_VERSION = 5.0;
				TARGETED_DEVICE_FAMILY = "1,2";
			};
			name = Release;
		};
/* End XCBuildConfiguration section */

/* Begin XCConfigurationList section */
		12CD20822866DBFB00893C3E /* Build configuration list for PBXProject "Test-Project-Word-Kucha" */ = {
			isa = XCConfigurationList;
			buildConfigurations = (
				12CD209C2866DC1300893C3E /* Debug */,
				12CD209D2866DC1300893C3E /* Release */,
			);
			defaultConfigurationIsVisible = 0;
			defaultConfigurationName = Release;
		};
		12CD209E2866DC1300893C3E /* Build configuration list for PBXNativeTarget "Test-Project-Word-Kucha" */ = {
			isa = XCConfigurationList;
			buildConfigurations = (
				12CD209F2866DC1300893C3E /* Debug */,
				12CD20A02866DC1300893C3E /* Release */,
			);
			defaultConfigurationIsVisible = 0;
			defaultConfigurationName = Release;
		};
/* End XCConfigurationList section */

/* Begin XCVersionGroup section */
		12CD20932866DBFB00893C3E /* Test_Project_Word_Kucha.xcdatamodeld */ = {
			isa = XCVersionGroup;
			children = (
				12CD20942866DBFB00893C3E /* Test_Project_Word_Kucha.xcdatamodel */,
			);
			currentVersion = 12CD20942866DBFB00893C3E /* Test_Project_Word_Kucha.xcdatamodel */;
			path = Test_Project_Word_Kucha.xcdatamodeld;
			sourceTree = "<group>";
			versionGroupType = wrapper.xcdatamodel;
		};
/* End XCVersionGroup section */
	};
	rootObject = 12CD207F2866DBFB00893C3E /* Project object */;
}
